
Microsoft Visual Studio Solution File, Format Version 12.00
# Visual Studio Version 17
VisualStudioVersion = 17.1.32210.238
MinimumVisualStudioVersion = 10.0.40219.1
Project("{8BC9CEB8-8B4A-11D0-8D11-00A0C91BC942}") = "Cowsers", "Cowsers\Cowsers\Cowsers.vcxproj", "{442B6008-E22D-4CE0-BD21-515D28EFD646}"
EndProject
Global
	GlobalSection(SolutionConfigurationPlatforms) = preSolution
		Debug|x64 = Debug|x64
		Debug|x86 = Debug|x86
		Release|x64 = Release|x64
		Release|x86 = Release|x86
	EndGlobalSection
	GlobalSection(ProjectConfigurationPlatforms) = postSolution
		{442B6008-E22D-4CE0-BD21-515D28EFD646}.Debug|x64.ActiveCfg = Debug|x64
		{442B6008-E22D-4CE0-BD21-515D28EFD646}.Debug|x64.Build.0 = Debug|x64
		{442B6008-E22D-4CE0-BD21-515D28EFD646}.Debug|x86.ActiveCfg = Debug|Win32
		{442B6008-E22D-4CE0-BD21-515D28EFD646}.Debug|x86.Build.0 = Debug|Win32
		{442B6008-E22D-4CE0-BD21-515D28EFD646}.Release|x64.ActiveCfg = Release|x64
		{442B6008-E22D-4CE0-BD21-515D28EFD646}.Release|x64.Build.0 = Release|x64
		{442B6008-E22D-4CE0-BD21-515D28EFD646}.Release|x86.ActiveCfg = Release|Win32
		{442B6008-E22D-4CE0-BD21-515D28EFD646}.Release|x86.Build.0 = Release|Win32
	EndGlobalSection
	GlobalSection(SolutionProperties) = preSolution
		HideSolutionNode = FALSE
	EndGlobalSection
	GlobalSection(ExtensibilityGlobals) = postSolution
		SolutionGuid = {4EA59BD6-3E2F-410F-AFA6-ABBBA6137562}
	EndGlobalSection
EndGlobal
